
Microsoft Visual Studio Solution File, Format Version 12.00
# Visual Studio Version 17
VisualStudioVersion = 17.14.36429.23 d17.14
MinimumVisualStudioVersion = 10.0.40219.1
Project("{FAE04EC0-301F-11D3-BF4B-00C04F79EFBC}") = "MemeVaultControl", "MemeVaultControl.csproj", "{8EE6BF37-5FD0-4AB2-B193-A8C0E7BA2082}"
EndProject
Global
	GlobalSection(SolutionConfigurationPlatforms) = preSolution
		Debug|Any CPU = Debug|Any CPU
		Release|Any CPU = Release|Any CPU
	EndGlobalSection
	GlobalSection(ProjectConfigurationPlatforms) = postSolution
		{8EE6BF37-5FD0-4AB2-B193-A8C0E7BA2082}.Debug|Any CPU.ActiveCfg = Debug|Any CPU
		{8EE6BF37-5FD0-4AB2-B193-A8C0E7BA2082}.Debug|Any CPU.Build.0 = Debug|Any CPU
		{8EE6BF37-5FD0-4AB2-B193-A8C0E7BA2082}.Release|Any CPU.ActiveCfg = Release|Any CPU
		{8EE6BF37-5FD0-4AB2-B193-A8C0E7BA2082}.Release|Any CPU.Build.0 = Release|Any CPU
	EndGlobalSection
	GlobalSection(SolutionProperties) = preSolution
		HideSolutionNode = FALSE
	EndGlobalSection
	GlobalSection(ExtensibilityGlobals) = postSolution
		SolutionGuid = {872C5F4F-4979-4509-945D-97F039F516F1}
	EndGlobalSection
EndGlobal
